<?xml version="1.0" encoding="utf-8"?>
<Project ToolsVersion="4.0" xmlns="http://schemas.microsoft.com/developer/msbuild/2003">
  <ItemGroup>
    <Filter Include="资源文件">
      <UniqueIdentifier>{67DA6AB6-F800-4c08-8B7A-83BB121AAD01}</UniqueIdentifier>
      <Extensions>rc;ico;cur;bmp;dlg;rc2;rct;bin;rgs;gif;jpg;jpeg;jpe;resx;tiff;tif;png;wav;mfcribbon-ms</Extensions>
    </Filter>
    <Filter Include="Control">
      <UniqueIdentifier>{fef7d3cf-24f9-4e00-b852-63f012c91ca9}</UniqueIdentifier>
    </Filter>
    <Filter Include="Base">
      <UniqueIdentifier>{93995380-89BD-4b04-88EB-625FBE52EBFB}</UniqueIdentifier>
      <Extensions>h;hh;hpp;hxx;h++;hm;inl;inc;ipp;xsd</Extensions>
    </Filter>
    <Filter Include="Base\Graphics">
      <UniqueIdentifier>{b3f359c3-21dd-456b-9b69-8101679fa171}</UniqueIdentifier>
    </Filter>
  </ItemGroup>
  <ItemGroup>
    <ClInclude Include="ZString.h">
      <Filter>Base</Filter>
    </ClInclude>
    <ClInclude Include="ZControl.h">
      <Filter>Control</Filter>
    </ClInclude>
    <ClInclude Include="ZPoint.h">
      <Filter>Base\Graphics</Filter>
    </ClInclude>
    <ClInclude Include="ZRect.h">
      <Filter>Base\Graphics</Filter>
    </ClInclude>
    <ClInclude Include="ZGraphics.h">
      <Filter>Base</Filter>
    </ClInclude>
    <ClInclude Include="ZFont.h">
      <Filter>Base</Filter>
    </ClInclude>
  </ItemGroup>
  <ItemGroup>
    <ClCompile Include="ZString.cpp">
      <Filter>Base</Filter>
    </ClCompile>
    <ClCompile Include="ZControl.cpp">
      <Filter>Control</Filter>
    </ClCompile>
    <ClCompile Include="ZPoint.cpp">
      <Filter>Base\Graphics</Filter>
    </ClCompile>
    <ClCompile Include="ZRect.cpp">
      <Filter>Base\Graphics</Filter>
    </ClCompile>
    <ClCompile Include="ZGraphics.cpp">
      <Filter>Base</Filter>
    </ClCompile>
    <ClCompile Include="ZFont.cpp">
      <Filter>Base</Filter>
    </ClCompile>
  </ItemGroup>
</Project>