<?xml version="1.0" encoding="utf-8"?>
<Project ToolsVersion="4.0" xmlns="http://schemas.microsoft.com/developer/msbuild/2003">
  <ItemGroup>
    <Filter Include="资源文件">
      <UniqueIdentifier>{67DA6AB6-F800-4c08-8B7A-83BB121AAD01}</UniqueIdentifier>
      <Extensions>rc;ico;cur;bmp;dlg;rc2;rct;bin;rgs;gif;jpg;jpeg;jpe;resx;tiff;tif;png;wav;mfcribbon-ms</Extensions>
    </Filter>
    <Filter Include="Control">
      <UniqueIdentifier>{fef7d3cf-24f9-4e00-b852-63f012c91ca9}</UniqueIdentifier>
    </Filter>
    <Filter Include="Base">
      <UniqueIdentifier>{93995380-89BD-4b04-88EB-625FBE52EBFB}</UniqueIdentifier>
      <Extensions>h;hh;hpp;hxx;h++;hm;inl;inc;ipp;xsd</Extensions>
    </Filter>
  </ItemGroup>
  <ItemGroup>
    <ClInclude Include="ZString.h">
      <Filter>Base</Filter>
    </ClInclude>
    <ClInclude Include="ZControl.h">
      <Filter>Control</Filter>
    </ClInclude>
    <ClInclude Include="ZGraphics.h">
      <Filter>Base</Filter>
    </ClInclude>
    <ClInclude Include="ZWindow.h">
      <Filter>Control</Filter>
    </ClInclude>
    <ClInclude Include="ZStatic.h">
      <Filter>Control</Filter>
    </ClInclude>
    <ClInclude Include="ZSize.h">
      <Filter>Base</Filter>
    </ClInclude>
    <ClInclude Include="ZColor.h">
      <Filter>Base</Filter>
    </ClInclude>
    <ClInclude Include="ZFont.h">
      <Filter>Base</Filter>
    </ClInclude>
    <ClInclude Include="ZIcon.h">
      <Filter>Base</Filter>
    </ClInclude>
    <ClInclude Include="ZImage.h">
      <Filter>Base</Filter>
    </ClInclude>
    <ClInclude Include="ZPoint.h">
      <Filter>Base</Filter>
    </ClInclude>
    <ClInclude Include="ZRect.h">
      <Filter>Base</Filter>
    </ClInclude>
    <ClInclude Include="ZButton.h">
      <Filter>Control</Filter>
    </ClInclude>
    <ClInclude Include="ZEdit.h">
      <Filter>Control</Filter>
    </ClInclude>
    <ClInclude Include="ZBitmap.h">
      <Filter>Base</Filter>
    </ClInclude>
    <ClInclude Include="ZPictureBox.h">
      <Filter>Control</Filter>
    </ClInclude>
    <ClInclude Include="ZProgressBar.h">
      <Filter>Control</Filter>
    </ClInclude>
    <ClInclude Include="ZRange.h">
      <Filter>Base</Filter>
    </ClInclude>
    <ClInclude Include="ZMenu.h">
      <Filter>Control</Filter>
    </ClInclude>
    <ClInclude Include="ZNotify.h">
      <Filter>Control</Filter>
    </ClInclude>
    <ClInclude Include="ZItem.h">
      <Filter>Control</Filter>
    </ClInclude>
    <ClInclude Include="ZComboBox.h">
      <Filter>Control</Filter>
    </ClInclude>
    <ClInclude Include="ZListBox.h">
      <Filter>Control</Filter>
    </ClInclude>
  </ItemGroup>
  <ItemGroup>
    <ClCompile Include="ZString.cpp">
      <Filter>Base</Filter>
    </ClCompile>
    <ClCompile Include="ZControl.cpp">
      <Filter>Control</Filter>
    </ClCompile>
    <ClCompile Include="ZGraphics.cpp">
      <Filter>Base</Filter>
    </ClCompile>
    <ClCompile Include="ZWindow.cpp">
      <Filter>Control</Filter>
    </ClCompile>
    <ClCompile Include="ZStatic.cpp">
      <Filter>Control</Filter>
    </ClCompile>
    <ClCompile Include="ZColor.cpp">
      <Filter>Base</Filter>
    </ClCompile>
    <ClCompile Include="ZFont.cpp">
      <Filter>Base</Filter>
    </ClCompile>
    <ClCompile Include="ZIcon.cpp">
      <Filter>Base</Filter>
    </ClCompile>
    <ClCompile Include="ZImage.cpp">
      <Filter>Base</Filter>
    </ClCompile>
    <ClCompile Include="ZPoint.cpp">
      <Filter>Base</Filter>
    </ClCompile>
    <ClCompile Include="ZRect.cpp">
      <Filter>Base</Filter>
    </ClCompile>
    <ClCompile Include="ZSize.cpp">
      <Filter>Base</Filter>
    </ClCompile>
    <ClCompile Include="ZButton.cpp">
      <Filter>Control</Filter>
    </ClCompile>
    <ClCompile Include="ZEdit.cpp">
      <Filter>Control</Filter>
    </ClCompile>
    <ClCompile Include="ZBitmap.cpp">
      <Filter>Base</Filter>
    </ClCompile>
    <ClCompile Include="ZPictureBox.cpp">
      <Filter>Control</Filter>
    </ClCompile>
    <ClCompile Include="ZProgressBar.cpp">
      <Filter>Control</Filter>
    </ClCompile>
    <ClCompile Include="ZRange.cpp">
      <Filter>Base</Filter>
    </ClCompile>
    <ClCompile Include="ZMenu.cpp">
      <Filter>Control</Filter>
    </ClCompile>
    <ClCompile Include="ZNotify.cpp">
      <Filter>Control</Filter>
    </ClCompile>
    <ClCompile Include="ZItem.cpp">
      <Filter>Control</Filter>
    </ClCompile>
    <ClCompile Include="ZComboBox.cpp">
      <Filter>Control</Filter>
    </ClCompile>
    <ClCompile Include="ZListBox.cpp">
      <Filter>Control</Filter>
    </ClCompile>
  </ItemGroup>
</Project>